
Microsoft Visual Studio Solution File, Format Version 12.00
# Visual Studio 14
VisualStudioVersion = 14.0.24720.0
MinimumVisualStudioVersion = 10.0.40219.1
Project("{FAE04EC0-301F-11D3-BF4B-00C04F79EFBC}") = "KompasKeyboardPlugin", "KompasKeyboardPlugin\KompasKeyboardPlugin.csproj", "{D35E0991-6106-454A-A1A8-126CF095F47E}"
EndProject
Project("{FAE04EC0-301F-11D3-BF4B-00C04F79EFBC}") = "UnitTests", "UnitTests\UnitTests.csproj", "{AE0A1B79-F6E7-402A-AC88-C5D2CF477571}"
EndProject
Global
	GlobalSection(SolutionConfigurationPlatforms) = preSolution
		Debug|Any CPU = Debug|Any CPU
		Release|Any CPU = Release|Any CPU
	EndGlobalSection
	GlobalSection(ProjectConfigurationPlatforms) = postSolution
		{D35E0991-6106-454A-A1A8-126CF095F47E}.Debug|Any CPU.ActiveCfg = Debug|Any CPU
		{D35E0991-6106-454A-A1A8-126CF095F47E}.Debug|Any CPU.Build.0 = Debug|Any CPU
		{D35E0991-6106-454A-A1A8-126CF095F47E}.Release|Any CPU.ActiveCfg = Release|Any CPU
		{D35E0991-6106-454A-A1A8-126CF095F47E}.Release|Any CPU.Build.0 = Release|Any CPU
		{AE0A1B79-F6E7-402A-AC88-C5D2CF477571}.Debug|Any CPU.ActiveCfg = Debug|Any CPU
		{AE0A1B79-F6E7-402A-AC88-C5D2CF477571}.Debug|Any CPU.Build.0 = Debug|Any CPU
		{AE0A1B79-F6E7-402A-AC88-C5D2CF477571}.Release|Any CPU.ActiveCfg = Release|Any CPU
		{AE0A1B79-F6E7-402A-AC88-C5D2CF477571}.Release|Any CPU.Build.0 = Release|Any CPU
	EndGlobalSection
	GlobalSection(SolutionProperties) = preSolution
		HideSolutionNode = FALSE
	EndGlobalSection
EndGlobal
